
Microsoft Visual Studio Solution File, Format Version 12.00
# Visual Studio Version 16
VisualStudioVersion = 16.0.29123.88
MinimumVisualStudioVersion = 10.0.40219.1
Project("{FAE04EC0-301F-11D3-BF4B-00C04F79EFBC}") = "CryptChatServer", "CryptChatServer\CryptChatServer.csproj", "{1A3F7785-C179-4DCA-8BC7-CB2A3584A667}"
EndProject
Global
	GlobalSection(SolutionConfigurationPlatforms) = preSolution
		Debug|Any CPU = Debug|Any CPU
		Release|Any CPU = Release|Any CPU
	EndGlobalSection
	GlobalSection(ProjectConfigurationPlatforms) = postSolution
		{1A3F7785-C179-4DCA-8BC7-CB2A3584A667}.Debug|Any CPU.ActiveCfg = Debug|Any CPU
		{1A3F7785-C179-4DCA-8BC7-CB2A3584A667}.Debug|Any CPU.Build.0 = Debug|Any CPU
		{1A3F7785-C179-4DCA-8BC7-CB2A3584A667}.Release|Any CPU.ActiveCfg = Release|Any CPU
		{1A3F7785-C179-4DCA-8BC7-CB2A3584A667}.Release|Any CPU.Build.0 = Release|Any CPU
	EndGlobalSection
	GlobalSection(SolutionProperties) = preSolution
		HideSolutionNode = FALSE
	EndGlobalSection
	GlobalSection(ExtensibilityGlobals) = postSolution
		SolutionGuid = {1692F739-DE21-4FAF-85C4-46ED11A2D690}
	EndGlobalSection
EndGlobal
