
Microsoft Visual Studio Solution File, Format Version 12.00
# Visual Studio Version 16
VisualStudioVersion = 16.0.29123.88
MinimumVisualStudioVersion = 10.0.40219.1
Project("{9A19103F-16F7-4668-BE54-9A1E7A4F7556}") = "CryptChat.Core", "CryptChatCore\CryptChat.Core.csproj", "{B9834C8B-1929-4793-AFC8-F7C9D1C9F501}"
EndProject
Project("{9A19103F-16F7-4668-BE54-9A1E7A4F7556}") = "CryptChatServerTCP", "CryptChatServerTCP\CryptChatServerTCP.csproj", "{951D0DA6-22A8-4837-B283-3A038B4A8975}"
EndProject
Project("{9A19103F-16F7-4668-BE54-9A1E7A4F7556}") = "CryptChat.Server", "CryptChatServer\CryptChat.Server.csproj", "{56C4CD69-DE54-4768-92C3-C715781C6311}"
EndProject
Project("{9A19103F-16F7-4668-BE54-9A1E7A4F7556}") = "CryptChat.Test", "CryptChat.Test\CryptChat.Test.csproj", "{5875EA8F-0502-40FE-8577-17B155E371F5}"
EndProject
Project("{FAE04EC0-301F-11D3-BF4B-00C04F79EFBC}") = "CryptChat.Client.UWP", "CryptChat.Client\CryptChat.Client.UWP\CryptChat.Client.UWP.csproj", "{8B447B28-C8B3-4C24-BAF4-F92CB71A1F98}"
EndProject
Project("{FAE04EC0-301F-11D3-BF4B-00C04F79EFBC}") = "CryptChat.Client.Android", "CryptChat.Client\CryptChat.Client.Android\CryptChat.Client.Android.csproj", "{2DF5EC59-80E0-4D2C-A775-40FF85A0A2EB}"
EndProject
Project("{FAE04EC0-301F-11D3-BF4B-00C04F79EFBC}") = "CryptChat.Client.iOS", "CryptChat.Client\CryptChat.Client.iOS\CryptChat.Client.iOS.csproj", "{9DA005E8-CC4F-4704-BAFD-BF3C9720BB09}"
EndProject
Project("{FAE04EC0-301F-11D3-BF4B-00C04F79EFBC}") = "CryptChat.Client", "CryptChat.Client\CryptChat.Client\CryptChat.Client.csproj", "{AEFE92D9-038C-4B05-8D0C-93B77F932238}"
EndProject
Global
	GlobalSection(SolutionConfigurationPlatforms) = preSolution
		Debug|Any CPU = Debug|Any CPU
		Debug|ARM = Debug|ARM
		Debug|iPhone = Debug|iPhone
		Debug|iPhoneSimulator = Debug|iPhoneSimulator
		Debug|x64 = Debug|x64
		Debug|x86 = Debug|x86
		Release|Any CPU = Release|Any CPU
		Release|ARM = Release|ARM
		Release|iPhone = Release|iPhone
		Release|iPhoneSimulator = Release|iPhoneSimulator
		Release|x64 = Release|x64
		Release|x86 = Release|x86
	EndGlobalSection
	GlobalSection(ProjectConfigurationPlatforms) = postSolution
		{B9834C8B-1929-4793-AFC8-F7C9D1C9F501}.Debug|Any CPU.ActiveCfg = Debug|Any CPU
		{B9834C8B-1929-4793-AFC8-F7C9D1C9F501}.Debug|Any CPU.Build.0 = Debug|Any CPU
		{B9834C8B-1929-4793-AFC8-F7C9D1C9F501}.Debug|ARM.ActiveCfg = Debug|Any CPU
		{B9834C8B-1929-4793-AFC8-F7C9D1C9F501}.Debug|ARM.Build.0 = Debug|Any CPU
		{B9834C8B-1929-4793-AFC8-F7C9D1C9F501}.Debug|iPhone.ActiveCfg = Debug|Any CPU
		{B9834C8B-1929-4793-AFC8-F7C9D1C9F501}.Debug|iPhone.Build.0 = Debug|Any CPU
		{B9834C8B-1929-4793-AFC8-F7C9D1C9F501}.Debug|iPhoneSimulator.ActiveCfg = Debug|Any CPU
		{B9834C8B-1929-4793-AFC8-F7C9D1C9F501}.Debug|iPhoneSimulator.Build.0 = Debug|Any CPU
		{B9834C8B-1929-4793-AFC8-F7C9D1C9F501}.Debug|x64.ActiveCfg = Debug|Any CPU
		{B9834C8B-1929-4793-AFC8-F7C9D1C9F501}.Debug|x64.Build.0 = Debug|Any CPU
		{B9834C8B-1929-4793-AFC8-F7C9D1C9F501}.Debug|x86.ActiveCfg = Debug|Any CPU
		{B9834C8B-1929-4793-AFC8-F7C9D1C9F501}.Debug|x86.Build.0 = Debug|Any CPU
		{B9834C8B-1929-4793-AFC8-F7C9D1C9F501}.Release|Any CPU.ActiveCfg = Release|Any CPU
		{B9834C8B-1929-4793-AFC8-F7C9D1C9F501}.Release|Any CPU.Build.0 = Release|Any CPU
		{B9834C8B-1929-4793-AFC8-F7C9D1C9F501}.Release|ARM.ActiveCfg = Release|Any CPU
		{B9834C8B-1929-4793-AFC8-F7C9D1C9F501}.Release|ARM.Build.0 = Release|Any CPU
		{B9834C8B-1929-4793-AFC8-F7C9D1C9F501}.Release|iPhone.ActiveCfg = Release|Any CPU
		{B9834C8B-1929-4793-AFC8-F7C9D1C9F501}.Release|iPhone.Build.0 = Release|Any CPU
		{B9834C8B-1929-4793-AFC8-F7C9D1C9F501}.Release|iPhoneSimulator.ActiveCfg = Release|Any CPU
		{B9834C8B-1929-4793-AFC8-F7C9D1C9F501}.Release|iPhoneSimulator.Build.0 = Release|Any CPU
		{B9834C8B-1929-4793-AFC8-F7C9D1C9F501}.Release|x64.ActiveCfg = Release|Any CPU
		{B9834C8B-1929-4793-AFC8-F7C9D1C9F501}.Release|x64.Build.0 = Release|Any CPU
		{B9834C8B-1929-4793-AFC8-F7C9D1C9F501}.Release|x86.ActiveCfg = Release|Any CPU
		{B9834C8B-1929-4793-AFC8-F7C9D1C9F501}.Release|x86.Build.0 = Release|Any CPU
		{951D0DA6-22A8-4837-B283-3A038B4A8975}.Debug|Any CPU.ActiveCfg = Debug|Any CPU
		{951D0DA6-22A8-4837-B283-3A038B4A8975}.Debug|Any CPU.Build.0 = Debug|Any CPU
		{951D0DA6-22A8-4837-B283-3A038B4A8975}.Debug|ARM.ActiveCfg = Debug|Any CPU
		{951D0DA6-22A8-4837-B283-3A038B4A8975}.Debug|ARM.Build.0 = Debug|Any CPU
		{951D0DA6-22A8-4837-B283-3A038B4A8975}.Debug|iPhone.ActiveCfg = Debug|Any CPU
		{951D0DA6-22A8-4837-B283-3A038B4A8975}.Debug|iPhone.Build.0 = Debug|Any CPU
		{951D0DA6-22A8-4837-B283-3A038B4A8975}.Debug|iPhoneSimulator.ActiveCfg = Debug|Any CPU
		{951D0DA6-22A8-4837-B283-3A038B4A8975}.Debug|iPhoneSimulator.Build.0 = Debug|Any CPU
		{951D0DA6-22A8-4837-B283-3A038B4A8975}.Debug|x64.ActiveCfg = Debug|x64
		{951D0DA6-22A8-4837-B283-3A038B4A8975}.Debug|x64.Build.0 = Debug|x64
		{951D0DA6-22A8-4837-B283-3A038B4A8975}.Debug|x86.ActiveCfg = Debug|Any CPU
		{951D0DA6-22A8-4837-B283-3A038B4A8975}.Debug|x86.Build.0 = Debug|Any CPU
		{951D0DA6-22A8-4837-B283-3A038B4A8975}.Release|Any CPU.ActiveCfg = Release|Any CPU
		{951D0DA6-22A8-4837-B283-3A038B4A8975}.Release|Any CPU.Build.0 = Release|Any CPU
		{951D0DA6-22A8-4837-B283-3A038B4A8975}.Release|ARM.ActiveCfg = Release|Any CPU
		{951D0DA6-22A8-4837-B283-3A038B4A8975}.Release|ARM.Build.0 = Release|Any CPU
		{951D0DA6-22A8-4837-B283-3A038B4A8975}.Release|iPhone.ActiveCfg = Release|Any CPU
		{951D0DA6-22A8-4837-B283-3A038B4A8975}.Release|iPhone.Build.0 = Release|Any CPU
		{951D0DA6-22A8-4837-B283-3A038B4A8975}.Release|iPhoneSimulator.ActiveCfg = Release|Any CPU
		{951D0DA6-22A8-4837-B283-3A038B4A8975}.Release|iPhoneSimulator.Build.0 = Release|Any CPU
		{951D0DA6-22A8-4837-B283-3A038B4A8975}.Release|x64.ActiveCfg = Release|x64
		{951D0DA6-22A8-4837-B283-3A038B4A8975}.Release|x64.Build.0 = Release|x64
		{951D0DA6-22A8-4837-B283-3A038B4A8975}.Release|x86.ActiveCfg = Release|Any CPU
		{951D0DA6-22A8-4837-B283-3A038B4A8975}.Release|x86.Build.0 = Release|Any CPU
		{56C4CD69-DE54-4768-92C3-C715781C6311}.Debug|Any CPU.ActiveCfg = Debug|Any CPU
		{56C4CD69-DE54-4768-92C3-C715781C6311}.Debug|Any CPU.Build.0 = Debug|Any CPU
		{56C4CD69-DE54-4768-92C3-C715781C6311}.Debug|ARM.ActiveCfg = Debug|Any CPU
		{56C4CD69-DE54-4768-92C3-C715781C6311}.Debug|ARM.Build.0 = Debug|Any CPU
		{56C4CD69-DE54-4768-92C3-C715781C6311}.Debug|iPhone.ActiveCfg = Debug|Any CPU
		{56C4CD69-DE54-4768-92C3-C715781C6311}.Debug|iPhone.Build.0 = Debug|Any CPU
		{56C4CD69-DE54-4768-92C3-C715781C6311}.Debug|iPhoneSimulator.ActiveCfg = Debug|Any CPU
		{56C4CD69-DE54-4768-92C3-C715781C6311}.Debug|iPhoneSimulator.Build.0 = Debug|Any CPU
		{56C4CD69-DE54-4768-92C3-C715781C6311}.Debug|x64.ActiveCfg = Debug|Any CPU
		{56C4CD69-DE54-4768-92C3-C715781C6311}.Debug|x64.Build.0 = Debug|Any CPU
		{56C4CD69-DE54-4768-92C3-C715781C6311}.Debug|x86.ActiveCfg = Debug|Any CPU
		{56C4CD69-DE54-4768-92C3-C715781C6311}.Debug|x86.Build.0 = Debug|Any CPU
		{56C4CD69-DE54-4768-92C3-C715781C6311}.Release|Any CPU.ActiveCfg = Release|Any CPU
		{56C4CD69-DE54-4768-92C3-C715781C6311}.Release|Any CPU.Build.0 = Release|Any CPU
		{56C4CD69-DE54-4768-92C3-C715781C6311}.Release|ARM.ActiveCfg = Release|Any CPU
		{56C4CD69-DE54-4768-92C3-C715781C6311}.Release|ARM.Build.0 = Release|Any CPU
		{56C4CD69-DE54-4768-92C3-C715781C6311}.Release|iPhone.ActiveCfg = Release|Any CPU
		{56C4CD69-DE54-4768-92C3-C715781C6311}.Release|iPhone.Build.0 = Release|Any CPU
		{56C4CD69-DE54-4768-92C3-C715781C6311}.Release|iPhoneSimulator.ActiveCfg = Release|Any CPU
		{56C4CD69-DE54-4768-92C3-C715781C6311}.Release|iPhoneSimulator.Build.0 = Release|Any CPU
		{56C4CD69-DE54-4768-92C3-C715781C6311}.Release|x64.ActiveCfg = Release|Any CPU
		{56C4CD69-DE54-4768-92C3-C715781C6311}.Release|x64.Build.0 = Release|Any CPU
		{56C4CD69-DE54-4768-92C3-C715781C6311}.Release|x86.ActiveCfg = Release|Any CPU
		{56C4CD69-DE54-4768-92C3-C715781C6311}.Release|x86.Build.0 = Release|Any CPU
		{5875EA8F-0502-40FE-8577-17B155E371F5}.Debug|Any CPU.ActiveCfg = Debug|Any CPU
		{5875EA8F-0502-40FE-8577-17B155E371F5}.Debug|Any CPU.Build.0 = Debug|Any CPU
		{5875EA8F-0502-40FE-8577-17B155E371F5}.Debug|ARM.ActiveCfg = Debug|Any CPU
		{5875EA8F-0502-40FE-8577-17B155E371F5}.Debug|ARM.Build.0 = Debug|Any CPU
		{5875EA8F-0502-40FE-8577-17B155E371F5}.Debug|iPhone.ActiveCfg = Debug|Any CPU
		{5875EA8F-0502-40FE-8577-17B155E371F5}.Debug|iPhone.Build.0 = Debug|Any CPU
		{5875EA8F-0502-40FE-8577-17B155E371F5}.Debug|iPhoneSimulator.ActiveCfg = Debug|Any CPU
		{5875EA8F-0502-40FE-8577-17B155E371F5}.Debug|iPhoneSimulator.Build.0 = Debug|Any CPU
		{5875EA8F-0502-40FE-8577-17B155E371F5}.Debug|x64.ActiveCfg = Debug|Any CPU
		{5875EA8F-0502-40FE-8577-17B155E371F5}.Debug|x64.Build.0 = Debug|Any CPU
		{5875EA8F-0502-40FE-8577-17B155E371F5}.Debug|x86.ActiveCfg = Debug|Any CPU
		{5875EA8F-0502-40FE-8577-17B155E371F5}.Debug|x86.Build.0 = Debug|Any CPU
		{5875EA8F-0502-40FE-8577-17B155E371F5}.Release|Any CPU.ActiveCfg = Release|Any CPU
		{5875EA8F-0502-40FE-8577-17B155E371F5}.Release|Any CPU.Build.0 = Release|Any CPU
		{5875EA8F-0502-40FE-8577-17B155E371F5}.Release|ARM.ActiveCfg = Release|Any CPU
		{5875EA8F-0502-40FE-8577-17B155E371F5}.Release|ARM.Build.0 = Release|Any CPU
		{5875EA8F-0502-40FE-8577-17B155E371F5}.Release|iPhone.ActiveCfg = Release|Any CPU
		{5875EA8F-0502-40FE-8577-17B155E371F5}.Release|iPhone.Build.0 = Release|Any CPU
		{5875EA8F-0502-40FE-8577-17B155E371F5}.Release|iPhoneSimulator.ActiveCfg = Release|Any CPU
		{5875EA8F-0502-40FE-8577-17B155E371F5}.Release|iPhoneSimulator.Build.0 = Release|Any CPU
		{5875EA8F-0502-40FE-8577-17B155E371F5}.Release|x64.ActiveCfg = Release|Any CPU
		{5875EA8F-0502-40FE-8577-17B155E371F5}.Release|x64.Build.0 = Release|Any CPU
		{5875EA8F-0502-40FE-8577-17B155E371F5}.Release|x86.ActiveCfg = Release|Any CPU
		{5875EA8F-0502-40FE-8577-17B155E371F5}.Release|x86.Build.0 = Release|Any CPU
		{8B447B28-C8B3-4C24-BAF4-F92CB71A1F98}.Debug|Any CPU.ActiveCfg = Debug|x86
		{8B447B28-C8B3-4C24-BAF4-F92CB71A1F98}.Debug|ARM.ActiveCfg = Debug|ARM
		{8B447B28-C8B3-4C24-BAF4-F92CB71A1F98}.Debug|ARM.Build.0 = Debug|ARM
		{8B447B28-C8B3-4C24-BAF4-F92CB71A1F98}.Debug|ARM.Deploy.0 = Debug|ARM
		{8B447B28-C8B3-4C24-BAF4-F92CB71A1F98}.Debug|iPhone.ActiveCfg = Debug|x86
		{8B447B28-C8B3-4C24-BAF4-F92CB71A1F98}.Debug|iPhoneSimulator.ActiveCfg = Debug|x86
		{8B447B28-C8B3-4C24-BAF4-F92CB71A1F98}.Debug|x64.ActiveCfg = Debug|x64
		{8B447B28-C8B3-4C24-BAF4-F92CB71A1F98}.Debug|x64.Build.0 = Debug|x64
		{8B447B28-C8B3-4C24-BAF4-F92CB71A1F98}.Debug|x64.Deploy.0 = Debug|x64
		{8B447B28-C8B3-4C24-BAF4-F92CB71A1F98}.Debug|x86.ActiveCfg = Debug|x86
		{8B447B28-C8B3-4C24-BAF4-F92CB71A1F98}.Debug|x86.Build.0 = Debug|x86
		{8B447B28-C8B3-4C24-BAF4-F92CB71A1F98}.Debug|x86.Deploy.0 = Debug|x86
		{8B447B28-C8B3-4C24-BAF4-F92CB71A1F98}.Release|Any CPU.ActiveCfg = Release|x86
		{8B447B28-C8B3-4C24-BAF4-F92CB71A1F98}.Release|ARM.ActiveCfg = Release|ARM
		{8B447B28-C8B3-4C24-BAF4-F92CB71A1F98}.Release|ARM.Build.0 = Release|ARM
		{8B447B28-C8B3-4C24-BAF4-F92CB71A1F98}.Release|ARM.Deploy.0 = Release|ARM
		{8B447B28-C8B3-4C24-BAF4-F92CB71A1F98}.Release|iPhone.ActiveCfg = Release|x86
		{8B447B28-C8B3-4C24-BAF4-F92CB71A1F98}.Release|iPhoneSimulator.ActiveCfg = Release|x86
		{8B447B28-C8B3-4C24-BAF4-F92CB71A1F98}.Release|x64.ActiveCfg = Release|x64
		{8B447B28-C8B3-4C24-BAF4-F92CB71A1F98}.Release|x64.Build.0 = Release|x64
		{8B447B28-C8B3-4C24-BAF4-F92CB71A1F98}.Release|x64.Deploy.0 = Release|x64
		{8B447B28-C8B3-4C24-BAF4-F92CB71A1F98}.Release|x86.ActiveCfg = Release|x86
		{8B447B28-C8B3-4C24-BAF4-F92CB71A1F98}.Release|x86.Build.0 = Release|x86
		{8B447B28-C8B3-4C24-BAF4-F92CB71A1F98}.Release|x86.Deploy.0 = Release|x86
		{2DF5EC59-80E0-4D2C-A775-40FF85A0A2EB}.Debug|Any CPU.ActiveCfg = Debug|Any CPU
		{2DF5EC59-80E0-4D2C-A775-40FF85A0A2EB}.Debug|Any CPU.Build.0 = Debug|Any CPU
		{2DF5EC59-80E0-4D2C-A775-40FF85A0A2EB}.Debug|Any CPU.Deploy.0 = Debug|Any CPU
		{2DF5EC59-80E0-4D2C-A775-40FF85A0A2EB}.Debug|ARM.ActiveCfg = Debug|Any CPU
		{2DF5EC59-80E0-4D2C-A775-40FF85A0A2EB}.Debug|ARM.Build.0 = Debug|Any CPU
		{2DF5EC59-80E0-4D2C-A775-40FF85A0A2EB}.Debug|ARM.Deploy.0 = Debug|Any CPU
		{2DF5EC59-80E0-4D2C-A775-40FF85A0A2EB}.Debug|iPhone.ActiveCfg = Debug|Any CPU
		{2DF5EC59-80E0-4D2C-A775-40FF85A0A2EB}.Debug|iPhone.Build.0 = Debug|Any CPU
		{2DF5EC59-80E0-4D2C-A775-40FF85A0A2EB}.Debug|iPhone.Deploy.0 = Debug|Any CPU
		{2DF5EC59-80E0-4D2C-A775-40FF85A0A2EB}.Debug|iPhoneSimulator.ActiveCfg = Debug|Any CPU
		{2DF5EC59-80E0-4D2C-A775-40FF85A0A2EB}.Debug|iPhoneSimulator.Build.0 = Debug|Any CPU
		{2DF5EC59-80E0-4D2C-A775-40FF85A0A2EB}.Debug|iPhoneSimulator.Deploy.0 = Debug|Any CPU
		{2DF5EC59-80E0-4D2C-A775-40FF85A0A2EB}.Debug|x64.ActiveCfg = Debug|Any CPU
		{2DF5EC59-80E0-4D2C-A775-40FF85A0A2EB}.Debug|x64.Build.0 = Debug|Any CPU
		{2DF5EC59-80E0-4D2C-A775-40FF85A0A2EB}.Debug|x64.Deploy.0 = Debug|Any CPU
		{2DF5EC59-80E0-4D2C-A775-40FF85A0A2EB}.Debug|x86.ActiveCfg = Debug|Any CPU
		{2DF5EC59-80E0-4D2C-A775-40FF85A0A2EB}.Debug|x86.Build.0 = Debug|Any CPU
		{2DF5EC59-80E0-4D2C-A775-40FF85A0A2EB}.Debug|x86.Deploy.0 = Debug|Any CPU
		{2DF5EC59-80E0-4D2C-A775-40FF85A0A2EB}.Release|Any CPU.ActiveCfg = Release|Any CPU
		{2DF5EC59-80E0-4D2C-A775-40FF85A0A2EB}.Release|Any CPU.Build.0 = Release|Any CPU
		{2DF5EC59-80E0-4D2C-A775-40FF85A0A2EB}.Release|Any CPU.Deploy.0 = Release|Any CPU
		{2DF5EC59-80E0-4D2C-A775-40FF85A0A2EB}.Release|ARM.ActiveCfg = Release|Any CPU
		{2DF5EC59-80E0-4D2C-A775-40FF85A0A2EB}.Release|ARM.Build.0 = Release|Any CPU
		{2DF5EC59-80E0-4D2C-A775-40FF85A0A2EB}.Release|ARM.Deploy.0 = Release|Any CPU
		{2DF5EC59-80E0-4D2C-A775-40FF85A0A2EB}.Release|iPhone.ActiveCfg = Release|Any CPU
		{2DF5EC59-80E0-4D2C-A775-40FF85A0A2EB}.Release|iPhone.Build.0 = Release|Any CPU
		{2DF5EC59-80E0-4D2C-A775-40FF85A0A2EB}.Release|iPhone.Deploy.0 = Release|Any CPU
		{2DF5EC59-80E0-4D2C-A775-40FF85A0A2EB}.Release|iPhoneSimulator.ActiveCfg = Release|Any CPU
		{2DF5EC59-80E0-4D2C-A775-40FF85A0A2EB}.Release|iPhoneSimulator.Build.0 = Release|Any CPU
		{2DF5EC59-80E0-4D2C-A775-40FF85A0A2EB}.Release|iPhoneSimulator.Deploy.0 = Release|Any CPU
		{2DF5EC59-80E0-4D2C-A775-40FF85A0A2EB}.Release|x64.ActiveCfg = Release|Any CPU
		{2DF5EC59-80E0-4D2C-A775-40FF85A0A2EB}.Release|x64.Build.0 = Release|Any CPU
		{2DF5EC59-80E0-4D2C-A775-40FF85A0A2EB}.Release|x64.Deploy.0 = Release|Any CPU
		{2DF5EC59-80E0-4D2C-A775-40FF85A0A2EB}.Release|x86.ActiveCfg = Release|Any CPU
		{2DF5EC59-80E0-4D2C-A775-40FF85A0A2EB}.Release|x86.Build.0 = Release|Any CPU
		{2DF5EC59-80E0-4D2C-A775-40FF85A0A2EB}.Release|x86.Deploy.0 = Release|Any CPU
		{9DA005E8-CC4F-4704-BAFD-BF3C9720BB09}.Debug|Any CPU.ActiveCfg = Debug|iPhone
		{9DA005E8-CC4F-4704-BAFD-BF3C9720BB09}.Debug|ARM.ActiveCfg = Debug|iPhone
		{9DA005E8-CC4F-4704-BAFD-BF3C9720BB09}.Debug|iPhone.ActiveCfg = Debug|iPhone
		{9DA005E8-CC4F-4704-BAFD-BF3C9720BB09}.Debug|iPhone.Build.0 = Debug|iPhone
		{9DA005E8-CC4F-4704-BAFD-BF3C9720BB09}.Debug|iPhoneSimulator.ActiveCfg = Debug|iPhoneSimulator
		{9DA005E8-CC4F-4704-BAFD-BF3C9720BB09}.Debug|iPhoneSimulator.Build.0 = Debug|iPhoneSimulator
		{9DA005E8-CC4F-4704-BAFD-BF3C9720BB09}.Debug|x64.ActiveCfg = Debug|iPhone
		{9DA005E8-CC4F-4704-BAFD-BF3C9720BB09}.Debug|x86.ActiveCfg = Debug|iPhone
		{9DA005E8-CC4F-4704-BAFD-BF3C9720BB09}.Release|Any CPU.ActiveCfg = Release|iPhone
		{9DA005E8-CC4F-4704-BAFD-BF3C9720BB09}.Release|ARM.ActiveCfg = Release|iPhone
		{9DA005E8-CC4F-4704-BAFD-BF3C9720BB09}.Release|iPhone.ActiveCfg = Release|iPhone
		{9DA005E8-CC4F-4704-BAFD-BF3C9720BB09}.Release|iPhone.Build.0 = Release|iPhone
		{9DA005E8-CC4F-4704-BAFD-BF3C9720BB09}.Release|iPhoneSimulator.ActiveCfg = Release|iPhoneSimulator
		{9DA005E8-CC4F-4704-BAFD-BF3C9720BB09}.Release|iPhoneSimulator.Build.0 = Release|iPhoneSimulator
		{9DA005E8-CC4F-4704-BAFD-BF3C9720BB09}.Release|x64.ActiveCfg = Release|iPhone
		{9DA005E8-CC4F-4704-BAFD-BF3C9720BB09}.Release|x86.ActiveCfg = Release|iPhone
		{AEFE92D9-038C-4B05-8D0C-93B77F932238}.Debug|Any CPU.ActiveCfg = Debug|Any CPU
		{AEFE92D9-038C-4B05-8D0C-93B77F932238}.Debug|Any CPU.Build.0 = Debug|Any CPU
		{AEFE92D9-038C-4B05-8D0C-93B77F932238}.Debug|ARM.ActiveCfg = Debug|Any CPU
		{AEFE92D9-038C-4B05-8D0C-93B77F932238}.Debug|ARM.Build.0 = Debug|Any CPU
		{AEFE92D9-038C-4B05-8D0C-93B77F932238}.Debug|iPhone.ActiveCfg = Debug|Any CPU
		{AEFE92D9-038C-4B05-8D0C-93B77F932238}.Debug|iPhone.Build.0 = Debug|Any CPU
		{AEFE92D9-038C-4B05-8D0C-93B77F932238}.Debug|iPhoneSimulator.ActiveCfg = Debug|Any CPU
		{AEFE92D9-038C-4B05-8D0C-93B77F932238}.Debug|iPhoneSimulator.Build.0 = Debug|Any CPU
		{AEFE92D9-038C-4B05-8D0C-93B77F932238}.Debug|x64.ActiveCfg = Debug|Any CPU
		{AEFE92D9-038C-4B05-8D0C-93B77F932238}.Debug|x64.Build.0 = Debug|Any CPU
		{AEFE92D9-038C-4B05-8D0C-93B77F932238}.Debug|x86.ActiveCfg = Debug|Any CPU
		{AEFE92D9-038C-4B05-8D0C-93B77F932238}.Debug|x86.Build.0 = Debug|Any CPU
		{AEFE92D9-038C-4B05-8D0C-93B77F932238}.Release|Any CPU.ActiveCfg = Release|Any CPU
		{AEFE92D9-038C-4B05-8D0C-93B77F932238}.Release|Any CPU.Build.0 = Release|Any CPU
		{AEFE92D9-038C-4B05-8D0C-93B77F932238}.Release|ARM.ActiveCfg = Release|Any CPU
		{AEFE92D9-038C-4B05-8D0C-93B77F932238}.Release|ARM.Build.0 = Release|Any CPU
		{AEFE92D9-038C-4B05-8D0C-93B77F932238}.Release|iPhone.ActiveCfg = Release|Any CPU
		{AEFE92D9-038C-4B05-8D0C-93B77F932238}.Release|iPhone.Build.0 = Release|Any CPU
		{AEFE92D9-038C-4B05-8D0C-93B77F932238}.Release|iPhoneSimulator.ActiveCfg = Release|Any CPU
		{AEFE92D9-038C-4B05-8D0C-93B77F932238}.Release|iPhoneSimulator.Build.0 = Release|Any CPU
		{AEFE92D9-038C-4B05-8D0C-93B77F932238}.Release|x64.ActiveCfg = Release|Any CPU
		{AEFE92D9-038C-4B05-8D0C-93B77F932238}.Release|x64.Build.0 = Release|Any CPU
		{AEFE92D9-038C-4B05-8D0C-93B77F932238}.Release|x86.ActiveCfg = Release|Any CPU
		{AEFE92D9-038C-4B05-8D0C-93B77F932238}.Release|x86.Build.0 = Release|Any CPU
	EndGlobalSection
	GlobalSection(SolutionProperties) = preSolution
		HideSolutionNode = FALSE
	EndGlobalSection
	GlobalSection(ExtensibilityGlobals) = postSolution
		SolutionGuid = {1692F739-DE21-4FAF-85C4-46ED11A2D690}
	EndGlobalSection
EndGlobal
