
Microsoft Visual Studio Solution File, Format Version 12.00
# Visual Studio Version 16
VisualStudioVersion = 16.0.29123.88
MinimumVisualStudioVersion = 10.0.40219.1
Project("{9A19103F-16F7-4668-BE54-9A1E7A4F7556}") = "CryptChatServer", "CryptChatServer\CryptChatServer.csproj", "{1A3F7785-C179-4DCA-8BC7-CB2A3584A667}"
EndProject
Project("{D954291E-2A0B-460D-934E-DC6B0785DB48}") = "CryptChatProtos", "CryptChatProtos\CryptChatProtos.shproj", "{E651A601-B406-4048-BE16-5C2C59B80420}"
EndProject
Global
	GlobalSection(SharedMSBuildProjectFiles) = preSolution
		CryptChatProtos\CryptChatProtos.projitems*{e651a601-b406-4048-be16-5c2c59b80420}*SharedItemsImports = 13
	EndGlobalSection
	GlobalSection(SolutionConfigurationPlatforms) = preSolution
		Debug|Any CPU = Debug|Any CPU
		Release|Any CPU = Release|Any CPU
	EndGlobalSection
	GlobalSection(ProjectConfigurationPlatforms) = postSolution
		{1A3F7785-C179-4DCA-8BC7-CB2A3584A667}.Debug|Any CPU.ActiveCfg = Debug|Any CPU
		{1A3F7785-C179-4DCA-8BC7-CB2A3584A667}.Debug|Any CPU.Build.0 = Debug|Any CPU
		{1A3F7785-C179-4DCA-8BC7-CB2A3584A667}.Release|Any CPU.ActiveCfg = Release|Any CPU
		{1A3F7785-C179-4DCA-8BC7-CB2A3584A667}.Release|Any CPU.Build.0 = Release|Any CPU
	EndGlobalSection
	GlobalSection(SolutionProperties) = preSolution
		HideSolutionNode = FALSE
	EndGlobalSection
	GlobalSection(ExtensibilityGlobals) = postSolution
		SolutionGuid = {1692F739-DE21-4FAF-85C4-46ED11A2D690}
	EndGlobalSection
EndGlobal
